
Microsoft Visual Studio Solution File, Format Version 12.00
# Visual Studio Version 17
VisualStudioVersion = 17.4.33103.184
MinimumVisualStudioVersion = 10.0.40219.1
Project("{9A19103F-16F7-4668-BE54-9A1E7A4F7556}") = "App.Web.Mvc1", "App.Web.Mvc1\App.Web.Mvc1.csproj", "{2B29785F-B238-4AE7-9A7B-11BDFC1BF688}"
EndProject
Project("{FAE04EC0-301F-11D3-BF4B-00C04F79EFBC}") = "App.Data", "App.Data\App.Data.csproj", "{1BBF4036-D633-46AA-AA82-EA43D7A24758}"
EndProject
Global
	GlobalSection(SolutionConfigurationPlatforms) = preSolution
		Debug|Any CPU = Debug|Any CPU
		Release|Any CPU = Release|Any CPU
	EndGlobalSection
	GlobalSection(ProjectConfigurationPlatforms) = postSolution
		{2B29785F-B238-4AE7-9A7B-11BDFC1BF688}.Debug|Any CPU.ActiveCfg = Debug|Any CPU
		{2B29785F-B238-4AE7-9A7B-11BDFC1BF688}.Debug|Any CPU.Build.0 = Debug|Any CPU
		{2B29785F-B238-4AE7-9A7B-11BDFC1BF688}.Release|Any CPU.ActiveCfg = Release|Any CPU
		{2B29785F-B238-4AE7-9A7B-11BDFC1BF688}.Release|Any CPU.Build.0 = Release|Any CPU
		{1BBF4036-D633-46AA-AA82-EA43D7A24758}.Debug|Any CPU.ActiveCfg = Debug|Any CPU
		{1BBF4036-D633-46AA-AA82-EA43D7A24758}.Debug|Any CPU.Build.0 = Debug|Any CPU
		{1BBF4036-D633-46AA-AA82-EA43D7A24758}.Release|Any CPU.ActiveCfg = Release|Any CPU
		{1BBF4036-D633-46AA-AA82-EA43D7A24758}.Release|Any CPU.Build.0 = Release|Any CPU
	EndGlobalSection
	GlobalSection(SolutionProperties) = preSolution
		HideSolutionNode = FALSE
	EndGlobalSection
	GlobalSection(ExtensibilityGlobals) = postSolution
		SolutionGuid = {B76DE678-567C-46D1-A12D-79C67ACE2986}
	EndGlobalSection
EndGlobal
